// !$*UTF8*$!
{
	archiveVersion = 1;
	classes = {
	};
	objectVersion = 46;
	objects = {

/* Begin PBXAggregateTarget section */
		063DA711185F76A800A52644 /* OctoCrashDocs */ = {
			isa = PBXAggregateTarget;
			buildConfigurationList = 063DA712185F76A800A52644 /* Build configuration list for PBXAggregateTarget "OctoCrashDocs" */;
			buildPhases = (
				063DA715185F76B300A52644 /* ShellScript */,
			);
			dependencies = (
				063DA719185F77FB00A52644 /* PBXTargetDependency */,
			);
			name = OctoCrashDocs;
			productName = OctoCrashDocs;
		};
/* End PBXAggregateTarget section */

/* Begin PBXBuildFile section */
		060CF4E5187F53E400FF2793 /* AEFUser.m in Sources */ = {isa = PBXBuildFile; fileRef = 060CF4E4187F53E400FF2793 /* AEFUser.m */; };
		060CF4E7187F53F000FF2793 /* AEFUserSpec.m in Sources */ = {isa = PBXBuildFile; fileRef = 060CF4E6187F53F000FF2793 /* AEFUserSpec.m */; };
		061CEDEA185FB81200AA9CC4 /* AEFCrashReporterSpec.m in Sources */ = {isa = PBXBuildFile; fileRef = 061CEDE9185FB81200AA9CC4 /* AEFCrashReporterSpec.m */; };
		061CEE021860CC3D00AA9CC4 /* OctoCrash.h in CopyFiles */ = {isa = PBXBuildFile; fileRef = 06993533185F5CC200B9A5F3 /* OctoCrash.h */; };
		061CEE031860CC5400AA9CC4 /* AEFCrashReporter.h in CopyFiles */ = {isa = PBXBuildFile; fileRef = 063DA71B185FB3DA00A52644 /* AEFCrashReporter.h */; };
		061CF5B61860DECC00AA9CC4 /* libOctoKit.a in Frameworks */ = {isa = PBXBuildFile; fileRef = 061CF57A1860DDC200AA9CC4 /* libOctoKit.a */; };
		061CF5B71860DEE100AA9CC4 /* libReactiveCocoa-iOS.a in Frameworks */ = {isa = PBXBuildFile; fileRef = 061CF5AB1860DDF600AA9CC4 /* libReactiveCocoa-iOS.a */; };
		061CF5B81860DEF100AA9CC4 /* libMantle-iOS.a in Frameworks */ = {isa = PBXBuildFile; fileRef = 061CF5991860DDF000AA9CC4 /* libMantle-iOS.a */; };
		061CF5B91860DF0300AA9CC4 /* libAFNetworking.a in Frameworks */ = {isa = PBXBuildFile; fileRef = 061CF5871860DDE600AA9CC4 /* libAFNetworking.a */; };
		063248B41860E0F200CB60BE /* SystemConfiguration.framework in Frameworks */ = {isa = PBXBuildFile; fileRef = 063248B31860E0F200CB60BE /* SystemConfiguration.framework */; };
		063248CA1860E10200CB60BE /* MobileCoreServices.framework in Frameworks */ = {isa = PBXBuildFile; fileRef = 063248C91860E10200CB60BE /* MobileCoreServices.framework */; };
		063248D11860E4D900CB60BE /* AEFClient.m in Sources */ = {isa = PBXBuildFile; fileRef = 063248D01860E4D900CB60BE /* AEFClient.m */; };
		063248D41860E73100CB60BE /* AEFCrashCollector.m in Sources */ = {isa = PBXBuildFile; fileRef = 063248D31860E73100CB60BE /* AEFCrashCollector.m */; };
		063248D51860F45900CB60BE /* SystemConfiguration.framework in Frameworks */ = {isa = PBXBuildFile; fileRef = 063248B31860E0F200CB60BE /* SystemConfiguration.framework */; };
		063248D61860F45F00CB60BE /* MobileCoreServices.framework in Frameworks */ = {isa = PBXBuildFile; fileRef = 063248C91860E10200CB60BE /* MobileCoreServices.framework */; };
		063248D81860F6F900CB60BE /* AEFClient.h in CopyFiles */ = {isa = PBXBuildFile; fileRef = 063248CF1860E4D900CB60BE /* AEFClient.h */; };
		063248DC1860FC0000CB60BE /* AEFCrashCollectorSpec.m in Sources */ = {isa = PBXBuildFile; fileRef = 063248DB1860FC0000CB60BE /* AEFCrashCollectorSpec.m */; };
		063248DD1860FC4F00CB60BE /* AEFCrashCollector.h in CopyFiles */ = {isa = PBXBuildFile; fileRef = 063248D21860E73100CB60BE /* AEFCrashCollector.h */; };
		063249141861C64900CB60BE /* libISO8601DateFormatter.a in Frameworks */ = {isa = PBXBuildFile; fileRef = 061CF58B1860DDE600AA9CC4 /* libISO8601DateFormatter.a */; };
		063249391861E41600CB60BE /* AEFClientSpec.m in Sources */ = {isa = PBXBuildFile; fileRef = 063249381861E41600CB60BE /* AEFClientSpec.m */; };
		0632493A1861E80E00CB60BE /* AEFCrashReporting.h in CopyFiles */ = {isa = PBXBuildFile; fileRef = 063249231861E3F800CB60BE /* AEFCrashReporting.h */; };
		063DA710185F769000A52644 /* CrashReporter.framework in Frameworks */ = {isa = PBXBuildFile; fileRef = 063DA70F185F769000A52644 /* CrashReporter.framework */; };
		063DA71D185FB3DB00A52644 /* AEFCrashReporter.m in Sources */ = {isa = PBXBuildFile; fileRef = 063DA71C185FB3DA00A52644 /* AEFCrashReporter.m */; };
		064282471882F61A009F14F8 /* AEFUser.m in CopyFiles */ = {isa = PBXBuildFile; fileRef = 060CF4E4187F53E400FF2793 /* AEFUser.m */; };
		064282481882F61A009F14F8 /* AEFUserCache.m in CopyFiles */ = {isa = PBXBuildFile; fileRef = 06B734061881D05D00F98B67 /* AEFUserCache.m */; };
		0699350D185F5CA600B9A5F3 /* Foundation.framework in Frameworks */ = {isa = PBXBuildFile; fileRef = 0699350C185F5CA600B9A5F3 /* Foundation.framework */; };
		0699351B185F5CA600B9A5F3 /* XCTest.framework in Frameworks */ = {isa = PBXBuildFile; fileRef = 0699351A185F5CA600B9A5F3 /* XCTest.framework */; };
		0699351C185F5CA600B9A5F3 /* Foundation.framework in Frameworks */ = {isa = PBXBuildFile; fileRef = 0699350C185F5CA600B9A5F3 /* Foundation.framework */; };
		0699351E185F5CA600B9A5F3 /* UIKit.framework in Frameworks */ = {isa = PBXBuildFile; fileRef = 0699351D185F5CA600B9A5F3 /* UIKit.framework */; };
		06993527185F5CA600B9A5F3 /* InfoPlist.strings in Resources */ = {isa = PBXBuildFile; fileRef = 06993525185F5CA600B9A5F3 /* InfoPlist.strings */; };
		069DA83418D3B01C00393EEB /* EXTScope.m in Sources */ = {isa = PBXBuildFile; fileRef = 069DA83218D3B01C00393EEB /* EXTScope.m */; };
		06A8CA6818945105008474F8 /* CrashReporter.framework in Frameworks */ = {isa = PBXBuildFile; fileRef = 06A8CA67189450FE008474F8 /* CrashReporter.framework */; };
		06B1DB7B1887352F000004B8 /* libOctoCrash.a in Frameworks */ = {isa = PBXBuildFile; fileRef = 06993509185F5CA600B9A5F3 /* libOctoCrash.a */; };
		06B1DC3D1889D75A000004B8 /* AEFLocalizable.strings in Resources */ = {isa = PBXBuildFile; fileRef = 06B1DC171889D263000004B8 /* AEFLocalizable.strings */; };
		06B1DCEA188ABFD8000004B8 /* NSArray+Issues.m in Sources */ = {isa = PBXBuildFile; fileRef = 06B1DCE9188ABFD8000004B8 /* NSArray+Issues.m */; };
		06B1DCEC188AC098000004B8 /* NSArray_IssuesSpec.m in Sources */ = {isa = PBXBuildFile; fileRef = 06B1DCEB188AC098000004B8 /* NSArray_IssuesSpec.m */; };
		06B1DCFD188AC402000004B8 /* AEFClient+Login.m in Sources */ = {isa = PBXBuildFile; fileRef = 06B1DCFC188AC402000004B8 /* AEFClient+Login.m */; };
		06B1DD21188AC5B4000004B8 /* NSError+AEFErrors.m in Sources */ = {isa = PBXBuildFile; fileRef = 06B1DD20188AC5B4000004B8 /* NSError+AEFErrors.m */; };
		06B1DD36188AC93E000004B8 /* NSError_AEFErrorsSpec.m in Sources */ = {isa = PBXBuildFile; fileRef = 06B1DD35188AC93E000004B8 /* NSError_AEFErrorsSpec.m */; };
		06B734071881D05D00F98B67 /* AEFUserCache.m in Sources */ = {isa = PBXBuildFile; fileRef = 06B734061881D05D00F98B67 /* AEFUserCache.m */; };
		06B734231881D0C500F98B67 /* SSKeychain.m in Sources */ = {isa = PBXBuildFile; fileRef = 06B734201881D0C500F98B67 /* SSKeychain.m */; };
		06B734241881D0C500F98B67 /* SSKeychainQuery.m in Sources */ = {isa = PBXBuildFile; fileRef = 06B734221881D0C500F98B67 /* SSKeychainQuery.m */; };
		06B734261881D11D00F98B67 /* AEFUserCacheSpec.m in Sources */ = {isa = PBXBuildFile; fileRef = 06B734251881D11D00F98B67 /* AEFUserCacheSpec.m */; };
		06DFD4621885EB6600873491 /* PLCrashReport_IssueSpec.m in Sources */ = {isa = PBXBuildFile; fileRef = 06DFD4611885EB6600873491 /* PLCrashReport_IssueSpec.m */; };
		9EAD17F14E784C249DAE2D3A /* libPods-OctoCrashTests.a in Frameworks */ = {isa = PBXBuildFile; fileRef = 21A857C55BCD4F49AA44ACEF /* libPods-OctoCrashTests.a */; };
		CF86D739188573D9009CB8DD /* PLCrashReport+Issues.m in Sources */ = {isa = PBXBuildFile; fileRef = CF86D738188573D9009CB8DD /* PLCrashReport+Issues.m */; };
/* End PBXBuildFile section */

/* Begin PBXContainerItemProxy section */
		061CF5751860DDC200AA9CC4 /* PBXContainerItemProxy */ = {
			isa = PBXContainerItemProxy;
			containerPortal = 061CF5641860DDC100AA9CC4 /* OctoKit.xcodeproj */;
			proxyType = 2;
			remoteGlobalIDString = D0871EA8169E2EFC00016ACA;
			remoteInfo = "OctoKit Mac";
		};
		061CF5771860DDC200AA9CC4 /* PBXContainerItemProxy */ = {
			isa = PBXContainerItemProxy;
			containerPortal = 061CF5641860DDC100AA9CC4 /* OctoKit.xcodeproj */;
			proxyType = 2;
			remoteGlobalIDString = D0871EC0169E2EFC00016ACA;
			remoteInfo = "OctoKit Mac Tests";
		};
		061CF5791860DDC200AA9CC4 /* PBXContainerItemProxy */ = {
			isa = PBXContainerItemProxy;
			containerPortal = 061CF5641860DDC100AA9CC4 /* OctoKit.xcodeproj */;
			proxyType = 2;
			remoteGlobalIDString = D0871FE4169E309900016ACA;
			remoteInfo = "OctoKit iOS";
		};
		061CF57B1860DDC200AA9CC4 /* PBXContainerItemProxy */ = {
			isa = PBXContainerItemProxy;
			containerPortal = 061CF5641860DDC100AA9CC4 /* OctoKit.xcodeproj */;
			proxyType = 2;
			remoteGlobalIDString = D0871FF3169E309A00016ACA;
			remoteInfo = "OctoKit iOS Tests";
		};
		061CF5841860DDE600AA9CC4 /* PBXContainerItemProxy */ = {
			isa = PBXContainerItemProxy;
			containerPortal = 061CF57D1860DDE500AA9CC4 /* OctoKitDependencies.xcodeproj */;
			proxyType = 2;
			remoteGlobalIDString = D0476DBD177916920071F3CB;
			remoteInfo = "AFNetworking Mac";
		};
		061CF5861860DDE600AA9CC4 /* PBXContainerItemProxy */ = {
			isa = PBXContainerItemProxy;
			containerPortal = 061CF57D1860DDE500AA9CC4 /* OctoKitDependencies.xcodeproj */;
			proxyType = 2;
			remoteGlobalIDString = D0476DFF177917050071F3CB;
			remoteInfo = "AFNetworking iOS";
		};
		061CF5881860DDE600AA9CC4 /* PBXContainerItemProxy */ = {
			isa = PBXContainerItemProxy;
			containerPortal = 061CF57D1860DDE500AA9CC4 /* OctoKitDependencies.xcodeproj */;
			proxyType = 2;
			remoteGlobalIDString = D0476E5E17791AA50071F3CB;
			remoteInfo = "ISO8601DateFormatter Mac";
		};
		061CF58A1860DDE600AA9CC4 /* PBXContainerItemProxy */ = {
			isa = PBXContainerItemProxy;
			containerPortal = 061CF57D1860DDE500AA9CC4 /* OctoKitDependencies.xcodeproj */;
			proxyType = 2;
			remoteGlobalIDString = D0476E8817791AE70071F3CB;
			remoteInfo = "ISO8601DateFormatter iOS";
		};
		061CF5941860DDF000AA9CC4 /* PBXContainerItemProxy */ = {
			isa = PBXContainerItemProxy;
			containerPortal = 061CF58C1860DDEF00AA9CC4 /* Mantle.xcodeproj */;
			proxyType = 2;
			remoteGlobalIDString = D042FC3C15F72B23004E8054;
			remoteInfo = Mantle;
		};
		061CF5961860DDF000AA9CC4 /* PBXContainerItemProxy */ = {
			isa = PBXContainerItemProxy;
			containerPortal = 061CF58C1860DDEF00AA9CC4 /* Mantle.xcodeproj */;
			proxyType = 2;
			remoteGlobalIDString = D042FC5415F72B23004E8054;
			remoteInfo = "Mantle Tests";
		};
		061CF5981860DDF000AA9CC4 /* PBXContainerItemProxy */ = {
			isa = PBXContainerItemProxy;
			containerPortal = 061CF58C1860DDEF00AA9CC4 /* Mantle.xcodeproj */;
			proxyType = 2;
			remoteGlobalIDString = D042FC7915F72BC7004E8054;
			remoteInfo = "Mantle-iOS";
		};
		061CF59A1860DDF000AA9CC4 /* PBXContainerItemProxy */ = {
			isa = PBXContainerItemProxy;
			containerPortal = 061CF58C1860DDEF00AA9CC4 /* Mantle.xcodeproj */;
			proxyType = 2;
			remoteGlobalIDString = D042FC8715F72BC7004E8054;
			remoteInfo = "Mantle-iOS Tests";
		};
		061CF59C1860DDF000AA9CC4 /* PBXContainerItemProxy */ = {
			isa = PBXContainerItemProxy;
			containerPortal = 061CF58C1860DDEF00AA9CC4 /* Mantle.xcodeproj */;
			proxyType = 2;
			remoteGlobalIDString = D0A56B461804B04900A84EDC;
			remoteInfo = "Mantle-Mac";
		};
		061CF5A81860DDF600AA9CC4 /* PBXContainerItemProxy */ = {
			isa = PBXContainerItemProxy;
			containerPortal = 061CF59E1860DDF600AA9CC4 /* ReactiveCocoa.xcodeproj */;
			proxyType = 2;
			remoteGlobalIDString = 88037F8315056328001A5B19;
			remoteInfo = ReactiveCocoa;
		};
		061CF5AA1860DDF600AA9CC4 /* PBXContainerItemProxy */ = {
			isa = PBXContainerItemProxy;
			containerPortal = 061CF59E1860DDF600AA9CC4 /* ReactiveCocoa.xcodeproj */;
			proxyType = 2;
			remoteGlobalIDString = 88F440AB153DAC820097B4C3;
			remoteInfo = "ReactiveCocoa-iOS";
		};
		061CF5AC1860DDF600AA9CC4 /* PBXContainerItemProxy */ = {
			isa = PBXContainerItemProxy;
			containerPortal = 061CF59E1860DDF600AA9CC4 /* ReactiveCocoa.xcodeproj */;
			proxyType = 2;
			remoteGlobalIDString = 88CDF7DC15000FCF00163A9F;
			remoteInfo = ReactiveCocoaTests;
		};
		061CF5AE1860DDF600AA9CC4 /* PBXContainerItemProxy */ = {
			isa = PBXContainerItemProxy;
			containerPortal = 061CF59E1860DDF600AA9CC4 /* ReactiveCocoa.xcodeproj */;
			proxyType = 2;
			remoteGlobalIDString = 5FAF5223174D4C2000CAC810;
			remoteInfo = "ReactiveCocoaTests-iOS";
		};
		061CF5B01860DDF600AA9CC4 /* PBXContainerItemProxy */ = {
			isa = PBXContainerItemProxy;
			containerPortal = 061CF59E1860DDF600AA9CC4 /* ReactiveCocoa.xcodeproj */;
			proxyType = 2;
			remoteGlobalIDString = 1860F412177C91B500C7B3C9;
			remoteInfo = "ReactiveCocoa-iOS-UIKitTestHost";
		};
		061CF5B21860DDF600AA9CC4 /* PBXContainerItemProxy */ = {
			isa = PBXContainerItemProxy;
			containerPortal = 061CF59E1860DDF600AA9CC4 /* ReactiveCocoa.xcodeproj */;
			proxyType = 2;
			remoteGlobalIDString = 1860F430177C91B500C7B3C9;
			remoteInfo = "ReactiveCocoa-iOS-UIKitTestHostTests";
		};
		061CF5B41860DDF600AA9CC4 /* PBXContainerItemProxy */ = {
			isa = PBXContainerItemProxy;
			containerPortal = 061CF59E1860DDF600AA9CC4 /* ReactiveCocoa.xcodeproj */;
			proxyType = 2;
			remoteGlobalIDString = D05AD39417F2D56F0080895B;
			remoteInfo = "ReactiveCocoa-Mac";
		};
		063DA718185F77FB00A52644 /* PBXContainerItemProxy */ = {
			isa = PBXContainerItemProxy;
			containerPortal = 06993501185F5CA600B9A5F3 /* Project object */;
			proxyType = 1;
			remoteGlobalIDString = 06993508185F5CA600B9A5F3;
			remoteInfo = OctoCrash;
		};
		0699351F185F5CA600B9A5F3 /* PBXContainerItemProxy */ = {
			isa = PBXContainerItemProxy;
			containerPortal = 06993501185F5CA600B9A5F3 /* Project object */;
			proxyType = 1;
			remoteGlobalIDString = 06993508185F5CA600B9A5F3;
			remoteInfo = OctoCrash;
		};
		06B2981F18849208004073CB /* PBXContainerItemProxy */ = {
			isa = PBXContainerItemProxy;
			containerPortal = 061CF59E1860DDF600AA9CC4 /* ReactiveCocoa.xcodeproj */;
			proxyType = 1;
			remoteGlobalIDString = 88F440AA153DAC820097B4C3;
			remoteInfo = "ReactiveCocoa-iOS";
		};
/* End PBXContainerItemProxy section */

/* Begin PBXCopyFilesBuildPhase section */
		06993507185F5CA600B9A5F3 /* CopyFiles */ = {
			isa = PBXCopyFilesBuildPhase;
			buildActionMask = 2147483647;
			dstPath = "include/$(PRODUCT_NAME)";
			dstSubfolderSpec = 16;
			files = (
				063248D81860F6F900CB60BE /* AEFClient.h in CopyFiles */,
				063248DD1860FC4F00CB60BE /* AEFCrashCollector.h in CopyFiles */,
				061CEE031860CC5400AA9CC4 /* AEFCrashReporter.h in CopyFiles */,
				0632493A1861E80E00CB60BE /* AEFCrashReporting.h in CopyFiles */,
				064282471882F61A009F14F8 /* AEFUser.m in CopyFiles */,
				064282481882F61A009F14F8 /* AEFUserCache.m in CopyFiles */,
				061CEE021860CC3D00AA9CC4 /* OctoCrash.h in CopyFiles */,
			);
			runOnlyForDeploymentPostprocessing = 0;
		};
/* End PBXCopyFilesBuildPhase section */

/* Begin PBXFileReference section */
		060CF4E3187F53E400FF2793 /* AEFUser.h */ = {isa = PBXFileReference; fileEncoding = 4; lastKnownFileType = sourcecode.c.h; path = AEFUser.h; sourceTree = "<group>"; };
		060CF4E4187F53E400FF2793 /* AEFUser.m */ = {isa = PBXFileReference; fileEncoding = 4; lastKnownFileType = sourcecode.c.objc; path = AEFUser.m; sourceTree = "<group>"; };
		060CF4E6187F53F000FF2793 /* AEFUserSpec.m */ = {isa = PBXFileReference; fileEncoding = 4; lastKnownFileType = sourcecode.c.objc; path = AEFUserSpec.m; sourceTree = "<group>"; };
		061CEDE9185FB81200AA9CC4 /* AEFCrashReporterSpec.m */ = {isa = PBXFileReference; fileEncoding = 4; lastKnownFileType = sourcecode.c.objc; path = AEFCrashReporterSpec.m; sourceTree = "<group>"; };
		061CF5641860DDC100AA9CC4 /* OctoKit.xcodeproj */ = {isa = PBXFileReference; lastKnownFileType = "wrapper.pb-project"; path = OctoKit.xcodeproj; sourceTree = "<group>"; };
		061CF57D1860DDE500AA9CC4 /* OctoKitDependencies.xcodeproj */ = {isa = PBXFileReference; lastKnownFileType = "wrapper.pb-project"; name = OctoKitDependencies.xcodeproj; path = External/OctoKitDependencies/OctoKitDependencies.xcodeproj; sourceTree = "<group>"; };
		061CF58C1860DDEF00AA9CC4 /* Mantle.xcodeproj */ = {isa = PBXFileReference; lastKnownFileType = "wrapper.pb-project"; name = Mantle.xcodeproj; path = External/Mantle/Mantle.xcodeproj; sourceTree = "<group>"; };
		061CF59E1860DDF600AA9CC4 /* ReactiveCocoa.xcodeproj */ = {isa = PBXFileReference; lastKnownFileType = "wrapper.pb-project"; name = ReactiveCocoa.xcodeproj; path = External/ReactiveCocoa/ReactiveCocoaFramework/ReactiveCocoa.xcodeproj; sourceTree = "<group>"; };
		061CF5BA1860DF3E00AA9CC4 /* libExpecta-iOS.a */ = {isa = PBXFileReference; lastKnownFileType = archive.ar; name = "libExpecta-iOS.a"; path = "OctoCrash/External/OctoKit/External/Mantle/MantleTests/expecta/build/Debug-iphoneos/libExpecta-iOS.a"; sourceTree = "<group>"; };
		061CF5BC1860DF8300AA9CC4 /* libOHHTTPStubs-iOS.a */ = {isa = PBXFileReference; lastKnownFileType = archive.ar; name = "libOHHTTPStubs-iOS.a"; path = "../../../../Library/Developer/Xcode/DerivedData/Build/Products/Debug-iphoneos/libOHHTTPStubs-iOS.a"; sourceTree = "<group>"; };
		061CF5BE1860DF9E00AA9CC4 /* libSpecta-iOS.a */ = {isa = PBXFileReference; lastKnownFileType = archive.ar; name = "libSpecta-iOS.a"; path = "OctoCrash/External/OctoKit/External/Mantle/MantleTests/specta/build/Debug-iphoneos/libSpecta-iOS.a"; sourceTree = "<group>"; };
		063248B31860E0F200CB60BE /* SystemConfiguration.framework */ = {isa = PBXFileReference; lastKnownFileType = wrapper.framework; name = SystemConfiguration.framework; path = System/Library/Frameworks/SystemConfiguration.framework; sourceTree = SDKROOT; };
		063248C91860E10200CB60BE /* MobileCoreServices.framework */ = {isa = PBXFileReference; lastKnownFileType = wrapper.framework; name = MobileCoreServices.framework; path = System/Library/Frameworks/MobileCoreServices.framework; sourceTree = SDKROOT; };
		063248CF1860E4D900CB60BE /* AEFClient.h */ = {isa = PBXFileReference; fileEncoding = 4; lastKnownFileType = sourcecode.c.h; path = AEFClient.h; sourceTree = "<group>"; };
		063248D01860E4D900CB60BE /* AEFClient.m */ = {isa = PBXFileReference; fileEncoding = 4; lastKnownFileType = sourcecode.c.objc; path = AEFClient.m; sourceTree = "<group>"; };
		063248D21860E73100CB60BE /* AEFCrashCollector.h */ = {isa = PBXFileReference; fileEncoding = 4; lastKnownFileType = sourcecode.c.h; path = AEFCrashCollector.h; sourceTree = "<group>"; };
		063248D31860E73100CB60BE /* AEFCrashCollector.m */ = {isa = PBXFileReference; fileEncoding = 4; lastKnownFileType = sourcecode.c.objc; path = AEFCrashCollector.m; sourceTree = "<group>"; };
		063248DB1860FC0000CB60BE /* AEFCrashCollectorSpec.m */ = {isa = PBXFileReference; fileEncoding = 4; lastKnownFileType = sourcecode.c.objc; path = AEFCrashCollectorSpec.m; sourceTree = "<group>"; };
		063249231861E3F800CB60BE /* AEFCrashReporting.h */ = {isa = PBXFileReference; fileEncoding = 4; lastKnownFileType = sourcecode.c.h; path = AEFCrashReporting.h; sourceTree = "<group>"; };
		063249381861E41600CB60BE /* AEFClientSpec.m */ = {isa = PBXFileReference; fileEncoding = 4; lastKnownFileType = sourcecode.c.objc; path = AEFClientSpec.m; sourceTree = "<group>"; };
		063DA70F185F769000A52644 /* CrashReporter.framework */ = {isa = PBXFileReference; lastKnownFileType = wrapper.framework; name = CrashReporter.framework; path = ../../../octocrash/Vendor/CrashReporter.framework; sourceTree = "<group>"; };
		063DA71B185FB3DA00A52644 /* AEFCrashReporter.h */ = {isa = PBXFileReference; fileEncoding = 4; lastKnownFileType = sourcecode.c.h; path = AEFCrashReporter.h; sourceTree = "<group>"; };
		063DA71C185FB3DA00A52644 /* AEFCrashReporter.m */ = {isa = PBXFileReference; fileEncoding = 4; lastKnownFileType = sourcecode.c.objc; path = AEFCrashReporter.m; sourceTree = "<group>"; };
		06993509185F5CA600B9A5F3 /* libOctoCrash.a */ = {isa = PBXFileReference; explicitFileType = archive.ar; includeInIndex = 0; path = libOctoCrash.a; sourceTree = BUILT_PRODUCTS_DIR; };
		0699350C185F5CA600B9A5F3 /* Foundation.framework */ = {isa = PBXFileReference; lastKnownFileType = wrapper.framework; name = Foundation.framework; path = System/Library/Frameworks/Foundation.framework; sourceTree = SDKROOT; };
		06993510185F5CA600B9A5F3 /* OctoCrash-Prefix.pch */ = {isa = PBXFileReference; lastKnownFileType = sourcecode.c.h; path = "OctoCrash-Prefix.pch"; sourceTree = "<group>"; };
		06993519185F5CA600B9A5F3 /* OctoCrashTests.xctest */ = {isa = PBXFileReference; explicitFileType = wrapper.cfbundle; includeInIndex = 0; path = OctoCrashTests.xctest; sourceTree = BUILT_PRODUCTS_DIR; };
		0699351A185F5CA600B9A5F3 /* XCTest.framework */ = {isa = PBXFileReference; lastKnownFileType = wrapper.framework; name = XCTest.framework; path = Library/Frameworks/XCTest.framework; sourceTree = DEVELOPER_DIR; };
		0699351D185F5CA600B9A5F3 /* UIKit.framework */ = {isa = PBXFileReference; lastKnownFileType = wrapper.framework; name = UIKit.framework; path = Library/Frameworks/UIKit.framework; sourceTree = DEVELOPER_DIR; };
		06993524185F5CA600B9A5F3 /* OctoCrashTests-Info.plist */ = {isa = PBXFileReference; lastKnownFileType = text.plist.xml; path = "OctoCrashTests-Info.plist"; sourceTree = "<group>"; };
		06993526185F5CA600B9A5F3 /* en */ = {isa = PBXFileReference; lastKnownFileType = text.plist.strings; name = en; path = en.lproj/InfoPlist.strings; sourceTree = "<group>"; };
		06993533185F5CC200B9A5F3 /* OctoCrash.h */ = {isa = PBXFileReference; fileEncoding = 4; lastKnownFileType = sourcecode.c.h; path = OctoCrash.h; sourceTree = "<group>"; };
		069DA83118D3B01C00393EEB /* EXTScope.h */ = {isa = PBXFileReference; fileEncoding = 4; lastKnownFileType = sourcecode.c.h; name = EXTScope.h; path = libextobj/extobjc/EXTScope.h; sourceTree = "<group>"; };
		069DA83218D3B01C00393EEB /* EXTScope.m */ = {isa = PBXFileReference; fileEncoding = 4; lastKnownFileType = sourcecode.c.objc; name = EXTScope.m; path = libextobj/extobjc/EXTScope.m; sourceTree = "<group>"; };
		069DA83318D3B01C00393EEB /* EXTSynthesize.h */ = {isa = PBXFileReference; fileEncoding = 4; lastKnownFileType = sourcecode.c.h; name = EXTSynthesize.h; path = libextobj/extobjc/EXTSynthesize.h; sourceTree = "<group>"; };
		069DA85818D3B4CB00393EEB /* metamacros.h */ = {isa = PBXFileReference; fileEncoding = 4; lastKnownFileType = sourcecode.c.h; name = metamacros.h; path = libextobj/extobjc/metamacros.h; sourceTree = "<group>"; };
		06A8CA67189450FE008474F8 /* CrashReporter.framework */ = {isa = PBXFileReference; lastKnownFileType = wrapper.framework; path = CrashReporter.framework; sourceTree = "<group>"; };
		06B1DC161889D263000004B8 /* en */ = {isa = PBXFileReference; lastKnownFileType = text.plist.strings; name = en; path = en.lproj/AEFLocalizable.strings; sourceTree = "<group>"; };
		06B1DC191889D288000004B8 /* AEFStrings.h */ = {isa = PBXFileReference; fileEncoding = 4; lastKnownFileType = sourcecode.c.h; path = AEFStrings.h; sourceTree = "<group>"; };
		06B1DCE8188ABFD8000004B8 /* NSArray+Issues.h */ = {isa = PBXFileReference; fileEncoding = 4; lastKnownFileType = sourcecode.c.h; path = "NSArray+Issues.h"; sourceTree = "<group>"; };
		06B1DCE9188ABFD8000004B8 /* NSArray+Issues.m */ = {isa = PBXFileReference; fileEncoding = 4; lastKnownFileType = sourcecode.c.objc; path = "NSArray+Issues.m"; sourceTree = "<group>"; };
		06B1DCEB188AC098000004B8 /* NSArray_IssuesSpec.m */ = {isa = PBXFileReference; fileEncoding = 4; lastKnownFileType = sourcecode.c.objc; path = NSArray_IssuesSpec.m; sourceTree = "<group>"; };
		06B1DCFB188AC402000004B8 /* AEFClient+Login.h */ = {isa = PBXFileReference; fileEncoding = 4; lastKnownFileType = sourcecode.c.h; path = "AEFClient+Login.h"; sourceTree = "<group>"; };
		06B1DCFC188AC402000004B8 /* AEFClient+Login.m */ = {isa = PBXFileReference; fileEncoding = 4; lastKnownFileType = sourcecode.c.objc; path = "AEFClient+Login.m"; sourceTree = "<group>"; };
		06B1DD1F188AC5B4000004B8 /* NSError+AEFErrors.h */ = {isa = PBXFileReference; fileEncoding = 4; lastKnownFileType = sourcecode.c.h; path = "NSError+AEFErrors.h"; sourceTree = "<group>"; };
		06B1DD20188AC5B4000004B8 /* NSError+AEFErrors.m */ = {isa = PBXFileReference; fileEncoding = 4; lastKnownFileType = sourcecode.c.objc; path = "NSError+AEFErrors.m"; sourceTree = "<group>"; };
		06B1DD35188AC93E000004B8 /* NSError_AEFErrorsSpec.m */ = {isa = PBXFileReference; fileEncoding = 4; lastKnownFileType = sourcecode.c.objc; path = NSError_AEFErrorsSpec.m; sourceTree = "<group>"; };
		06B734051881D05D00F98B67 /* AEFUserCache.h */ = {isa = PBXFileReference; fileEncoding = 4; lastKnownFileType = sourcecode.c.h; path = AEFUserCache.h; sourceTree = "<group>"; };
		06B734061881D05D00F98B67 /* AEFUserCache.m */ = {isa = PBXFileReference; fileEncoding = 4; lastKnownFileType = sourcecode.c.objc; path = AEFUserCache.m; sourceTree = "<group>"; };
		06B7341E1881D0C500F98B67 /* en */ = {isa = PBXFileReference; lastKnownFileType = text.plist.strings; name = en; path = en.lproj/SSKeychain.strings; sourceTree = "<group>"; };
		06B7341F1881D0C500F98B67 /* SSKeychain.h */ = {isa = PBXFileReference; fileEncoding = 4; lastKnownFileType = sourcecode.c.h; path = SSKeychain.h; sourceTree = "<group>"; };
		06B734201881D0C500F98B67 /* SSKeychain.m */ = {isa = PBXFileReference; fileEncoding = 4; lastKnownFileType = sourcecode.c.objc; path = SSKeychain.m; sourceTree = "<group>"; };
		06B734211881D0C500F98B67 /* SSKeychainQuery.h */ = {isa = PBXFileReference; fileEncoding = 4; lastKnownFileType = sourcecode.c.h; path = SSKeychainQuery.h; sourceTree = "<group>"; };
		06B734221881D0C500F98B67 /* SSKeychainQuery.m */ = {isa = PBXFileReference; fileEncoding = 4; lastKnownFileType = sourcecode.c.objc; path = SSKeychainQuery.m; sourceTree = "<group>"; };
		06B734251881D11D00F98B67 /* AEFUserCacheSpec.m */ = {isa = PBXFileReference; fileEncoding = 4; lastKnownFileType = sourcecode.c.objc; path = AEFUserCacheSpec.m; sourceTree = "<group>"; };
		06DFD4611885EB6600873491 /* PLCrashReport_IssueSpec.m */ = {isa = PBXFileReference; fileEncoding = 4; lastKnownFileType = sourcecode.c.objc; path = PLCrashReport_IssueSpec.m; sourceTree = "<group>"; };
		21A857C55BCD4F49AA44ACEF /* libPods-OctoCrashTests.a */ = {isa = PBXFileReference; explicitFileType = archive.ar; includeInIndex = 0; path = "libPods-OctoCrashTests.a"; sourceTree = BUILT_PRODUCTS_DIR; };
		282CAA8734FA4431A7C14282 /* libPods.a */ = {isa = PBXFileReference; explicitFileType = archive.ar; includeInIndex = 0; path = libPods.a; sourceTree = BUILT_PRODUCTS_DIR; };
		604D0A4BECB44755A924A7EB /* Pods-OctoCrashTests.xcconfig */ = {isa = PBXFileReference; includeInIndex = 1; lastKnownFileType = text.xcconfig; name = "Pods-OctoCrashTests.xcconfig"; path = "../Pods/Pods-OctoCrashTests.xcconfig"; sourceTree = "<group>"; };
		91B4A52909194FAD9E0DE202 /* libPods-OctoCrash.a */ = {isa = PBXFileReference; explicitFileType = archive.ar; includeInIndex = 0; path = "libPods-OctoCrash.a"; sourceTree = BUILT_PRODUCTS_DIR; };
		CF86D737188573D9009CB8DD /* PLCrashReport+Issues.h */ = {isa = PBXFileReference; fileEncoding = 4; lastKnownFileType = sourcecode.c.h; path = "PLCrashReport+Issues.h"; sourceTree = "<group>"; };
		CF86D738188573D9009CB8DD /* PLCrashReport+Issues.m */ = {isa = PBXFileReference; fileEncoding = 4; lastKnownFileType = sourcecode.c.objc; path = "PLCrashReport+Issues.m"; sourceTree = "<group>"; };
		CF90CD6118870FCE00255F04 /* AEFClient_Private.h */ = {isa = PBXFileReference; fileEncoding = 4; lastKnownFileType = sourcecode.c.h; path = AEFClient_Private.h; sourceTree = "<group>"; };
/* End PBXFileReference section */

/* Begin PBXFrameworksBuildPhase section */
		06993506185F5CA600B9A5F3 /* Frameworks */ = {
			isa = PBXFrameworksBuildPhase;
			buildActionMask = 2147483647;
			files = (
				063DA710185F769000A52644 /* CrashReporter.framework in Frameworks */,
				0699350D185F5CA600B9A5F3 /* Foundation.framework in Frameworks */,
				061CF5B91860DF0300AA9CC4 /* libAFNetworking.a in Frameworks */,
				061CF5B81860DEF100AA9CC4 /* libMantle-iOS.a in Frameworks */,
				061CF5B61860DECC00AA9CC4 /* libOctoKit.a in Frameworks */,
				061CF5B71860DEE100AA9CC4 /* libReactiveCocoa-iOS.a in Frameworks */,
				063248CA1860E10200CB60BE /* MobileCoreServices.framework in Frameworks */,
				063248B41860E0F200CB60BE /* SystemConfiguration.framework in Frameworks */,
			);
			runOnlyForDeploymentPostprocessing = 0;
		};
		06993516185F5CA600B9A5F3 /* Frameworks */ = {
			isa = PBXFrameworksBuildPhase;
			buildActionMask = 2147483647;
			files = (
				06A8CA6818945105008474F8 /* CrashReporter.framework in Frameworks */,
				0699351C185F5CA600B9A5F3 /* Foundation.framework in Frameworks */,
				063249141861C64900CB60BE /* libISO8601DateFormatter.a in Frameworks */,
				06B1DB7B1887352F000004B8 /* libOctoCrash.a in Frameworks */,
				9EAD17F14E784C249DAE2D3A /* libPods-OctoCrashTests.a in Frameworks */,
				063248D61860F45F00CB60BE /* MobileCoreServices.framework in Frameworks */,
				063248D51860F45900CB60BE /* SystemConfiguration.framework in Frameworks */,
				0699351E185F5CA600B9A5F3 /* UIKit.framework in Frameworks */,
				0699351B185F5CA600B9A5F3 /* XCTest.framework in Frameworks */,
			);
			runOnlyForDeploymentPostprocessing = 0;
		};
/* End PBXFrameworksBuildPhase section */

/* Begin PBXGroup section */
		060CF4E2187F539F00FF2793 /* Cache */ = {
			isa = PBXGroup;
			children = (
				060CF4E3187F53E400FF2793 /* AEFUser.h */,
				060CF4E4187F53E400FF2793 /* AEFUser.m */,
				06B734051881D05D00F98B67 /* AEFUserCache.h */,
				06B734061881D05D00F98B67 /* AEFUserCache.m */,
			);
			name = Cache;
			sourceTree = "<group>";
		};
		061CEDE8185FB80600AA9CC4 /* Classes */ = {
			isa = PBXGroup;
			children = (
				063249381861E41600CB60BE /* AEFClientSpec.m */,
				063248DB1860FC0000CB60BE /* AEFCrashCollectorSpec.m */,
				061CEDE9185FB81200AA9CC4 /* AEFCrashReporterSpec.m */,
				06B734251881D11D00F98B67 /* AEFUserCacheSpec.m */,
				060CF4E6187F53F000FF2793 /* AEFUserSpec.m */,
				06B1DCEB188AC098000004B8 /* NSArray_IssuesSpec.m */,
				06B1DD35188AC93E000004B8 /* NSError_AEFErrorsSpec.m */,
				06DFD4611885EB6600873491 /* PLCrashReport_IssueSpec.m */,
			);
			path = Classes;
			sourceTree = "<group>";
		};
		061CEE041860DCC600AA9CC4 /* External */ = {
			isa = PBXGroup;
			children = (
				069DA83018D3B00500393EEB /* extobjc */,
				061CEE051860DCC600AA9CC4 /* OctoKit */,
				06B7341C1881D0C500F98B67 /* SSKeychain */,
			);
			path = External;
			sourceTree = "<group>";
		};
		061CEE051860DCC600AA9CC4 /* OctoKit */ = {
			isa = PBXGroup;
			children = (
				061CF58C1860DDEF00AA9CC4 /* Mantle.xcodeproj */,
				061CF5641860DDC100AA9CC4 /* OctoKit.xcodeproj */,
				061CF57D1860DDE500AA9CC4 /* OctoKitDependencies.xcodeproj */,
				061CF59E1860DDF600AA9CC4 /* ReactiveCocoa.xcodeproj */,
			);
			path = OctoKit;
			sourceTree = "<group>";
		};
		061CF5651860DDC100AA9CC4 /* Products */ = {
			isa = PBXGroup;
			children = (
				061CF57A1860DDC200AA9CC4 /* libOctoKit.a */,
				061CF57C1860DDC200AA9CC4 /* OctoKit iOS Tests.octest */,
				061CF5781860DDC200AA9CC4 /* OctoKit Mac Tests.octest */,
				061CF5761860DDC200AA9CC4 /* OctoKit.framework */,
			);
			name = Products;
			sourceTree = "<group>";
		};
		061CF57E1860DDE500AA9CC4 /* Products */ = {
			isa = PBXGroup;
			children = (
				061CF5851860DDE600AA9CC4 /* AFNetworking.framework */,
				061CF5891860DDE600AA9CC4 /* ISO8601DateFormatter.framework */,
				061CF5871860DDE600AA9CC4 /* libAFNetworking.a */,
				061CF58B1860DDE600AA9CC4 /* libISO8601DateFormatter.a */,
			);
			name = Products;
			sourceTree = "<group>";
		};
		061CF58D1860DDEF00AA9CC4 /* Products */ = {
			isa = PBXGroup;
			children = (
				061CF5991860DDF000AA9CC4 /* libMantle-iOS.a */,
				061CF59D1860DDF000AA9CC4 /* libMantle-Mac.a */,
				061CF5971860DDF000AA9CC4 /* Mantle Tests.octest */,
				061CF59B1860DDF000AA9CC4 /* Mantle-iOS Tests.octest */,
				061CF5951860DDF000AA9CC4 /* Mantle.framework */,
			);
			name = Products;
			sourceTree = "<group>";
		};
		061CF59F1860DDF600AA9CC4 /* Products */ = {
			isa = PBXGroup;
			children = (
				061CF5AB1860DDF600AA9CC4 /* libReactiveCocoa-iOS.a */,
				061CF5B51860DDF600AA9CC4 /* libReactiveCocoa-Mac.a */,
				061CF5B11860DDF600AA9CC4 /* ReactiveCocoa-iOS-UIKitTestHost.app */,
				061CF5B31860DDF600AA9CC4 /* ReactiveCocoa-iOS-UIKitTestHostTests.octest */,
				061CF5A91860DDF600AA9CC4 /* ReactiveCocoa.framework */,
				061CF5AF1860DDF600AA9CC4 /* ReactiveCocoaTests-iOS.octest */,
				061CF5AD1860DDF600AA9CC4 /* ReactiveCocoaTests.octest */,
			);
			name = Products;
			sourceTree = "<group>";
		};
		063249491861EFD100CB60BE /* Client */ = {
			isa = PBXGroup;
			children = (
				06B1DCFB188AC402000004B8 /* AEFClient+Login.h */,
				06B1DCFC188AC402000004B8 /* AEFClient+Login.m */,
				063248CF1860E4D900CB60BE /* AEFClient.h */,
				063248D01860E4D900CB60BE /* AEFClient.m */,
				CF90CD6118870FCE00255F04 /* AEFClient_Private.h */,
			);
			name = Client;
			sourceTree = "<group>";
		};
		0632495E1861EFDC00CB60BE /* Crashes */ = {
			isa = PBXGroup;
			children = (
				063248D21860E73100CB60BE /* AEFCrashCollector.h */,
				063248D31860E73100CB60BE /* AEFCrashCollector.m */,
				063DA71B185FB3DA00A52644 /* AEFCrashReporter.h */,
				063DA71C185FB3DA00A52644 /* AEFCrashReporter.m */,
				063249231861E3F800CB60BE /* AEFCrashReporting.h */,
				CF86D737188573D9009CB8DD /* PLCrashReport+Issues.h */,
				CF86D738188573D9009CB8DD /* PLCrashReport+Issues.m */,
			);
			name = Crashes;
			sourceTree = "<group>";
		};
		06993500185F5CA600B9A5F3 = {
			isa = PBXGroup;
			children = (
				0699350B185F5CA600B9A5F3 /* Frameworks */,
				0699350E185F5CA600B9A5F3 /* OctoCrash */,
				06993522185F5CA600B9A5F3 /* OctoCrashTests */,
				0699350A185F5CA600B9A5F3 /* Products */,
				604D0A4BECB44755A924A7EB /* Pods-OctoCrashTests.xcconfig */,
			);
			sourceTree = "<group>";
		};
		0699350A185F5CA600B9A5F3 /* Products */ = {
			isa = PBXGroup;
			children = (
				06993509185F5CA600B9A5F3 /* libOctoCrash.a */,
				06993519185F5CA600B9A5F3 /* OctoCrashTests.xctest */,
			);
			name = Products;
			sourceTree = "<group>";
		};
		0699350B185F5CA600B9A5F3 /* Frameworks */ = {
			isa = PBXGroup;
			children = (
				063DA70F185F769000A52644 /* CrashReporter.framework */,
				0699350C185F5CA600B9A5F3 /* Foundation.framework */,
				061CF5BA1860DF3E00AA9CC4 /* libExpecta-iOS.a */,
				061CF5BC1860DF8300AA9CC4 /* libOHHTTPStubs-iOS.a */,
				91B4A52909194FAD9E0DE202 /* libPods-OctoCrash.a */,
				21A857C55BCD4F49AA44ACEF /* libPods-OctoCrashTests.a */,
				282CAA8734FA4431A7C14282 /* libPods.a */,
				061CF5BE1860DF9E00AA9CC4 /* libSpecta-iOS.a */,
				063248C91860E10200CB60BE /* MobileCoreServices.framework */,
				063248B31860E0F200CB60BE /* SystemConfiguration.framework */,
				0699351D185F5CA600B9A5F3 /* UIKit.framework */,
				0699351A185F5CA600B9A5F3 /* XCTest.framework */,
			);
			name = Frameworks;
			sourceTree = "<group>";
		};
		0699350E185F5CA600B9A5F3 /* OctoCrash */ = {
			isa = PBXGroup;
			children = (
				06993532185F5CC200B9A5F3 /* Classes */,
				061CEE041860DCC600AA9CC4 /* External */,
				06B1DC141889D23E000004B8 /* Resources */,
				0699350F185F5CA600B9A5F3 /* Supporting Files */,
				06A8CA66189450FD008474F8 /* Vendor */,
			);
			path = OctoCrash;
			sourceTree = "<group>";
		};
		0699350F185F5CA600B9A5F3 /* Supporting Files */ = {
			isa = PBXGroup;
			children = (
				06993510185F5CA600B9A5F3 /* OctoCrash-Prefix.pch */,
			);
			name = "Supporting Files";
			sourceTree = "<group>";
		};
		06993522185F5CA600B9A5F3 /* OctoCrashTests */ = {
			isa = PBXGroup;
			children = (
				061CEDE8185FB80600AA9CC4 /* Classes */,
				06993523185F5CA600B9A5F3 /* Supporting Files */,
			);
			path = OctoCrashTests;
			sourceTree = "<group>";
		};
		06993523185F5CA600B9A5F3 /* Supporting Files */ = {
			isa = PBXGroup;
			children = (
				06993525185F5CA600B9A5F3 /* InfoPlist.strings */,
				06993524185F5CA600B9A5F3 /* OctoCrashTests-Info.plist */,
			);
			name = "Supporting Files";
			sourceTree = "<group>";
		};
		06993532185F5CC200B9A5F3 /* Classes */ = {
			isa = PBXGroup;
			children = (
				060CF4E2187F539F00FF2793 /* Cache */,
				063249491861EFD100CB60BE /* Client */,
				0632495E1861EFDC00CB60BE /* Crashes */,
				06B1DCD4188ABE97000004B8 /* Shared */,
				06B1DC181889D270000004B8 /* Strings */,
				06993533185F5CC200B9A5F3 /* OctoCrash.h */,
			);
			name = Classes;
			path = ../../../Classes;
			sourceTree = "<group>";
		};
		069DA83018D3B00500393EEB /* extobjc */ = {
			isa = PBXGroup;
			children = (
				069DA83118D3B01C00393EEB /* EXTScope.h */,
				069DA83218D3B01C00393EEB /* EXTScope.m */,
				069DA83318D3B01C00393EEB /* EXTSynthesize.h */,
				069DA85818D3B4CB00393EEB /* metamacros.h */,
			);
			name = extobjc;
			sourceTree = "<group>";
		};
		06A8CA66189450FD008474F8 /* Vendor */ = {
			isa = PBXGroup;
			children = (
				06A8CA67189450FE008474F8 /* CrashReporter.framework */,
			);
			name = Vendor;
			path = ../../../Vendor;
			sourceTree = "<group>";
		};
		06B1DC141889D23E000004B8 /* Resources */ = {
			isa = PBXGroup;
			children = (
				06B1DC171889D263000004B8 /* AEFLocalizable.strings */,
			);
			name = Resources;
			path = ../../../Resources;
			sourceTree = "<group>";
		};
		06B1DC181889D270000004B8 /* Strings */ = {
			isa = PBXGroup;
			children = (
				06B1DC191889D288000004B8 /* AEFStrings.h */,
			);
			name = Strings;
			sourceTree = "<group>";
		};
		06B1DCD4188ABE97000004B8 /* Shared */ = {
			isa = PBXGroup;
			children = (
				06B1DCE8188ABFD8000004B8 /* NSArray+Issues.h */,
				06B1DCE9188ABFD8000004B8 /* NSArray+Issues.m */,
				06B1DD1F188AC5B4000004B8 /* NSError+AEFErrors.h */,
				06B1DD20188AC5B4000004B8 /* NSError+AEFErrors.m */,
			);
			name = Shared;
			sourceTree = "<group>";
		};
		06B7341C1881D0C500F98B67 /* SSKeychain */ = {
			isa = PBXGroup;
			children = (
				06B7341F1881D0C500F98B67 /* SSKeychain.h */,
				06B734201881D0C500F98B67 /* SSKeychain.m */,
				06B7341D1881D0C500F98B67 /* SSKeychain.strings */,
				06B734211881D0C500F98B67 /* SSKeychainQuery.h */,
				06B734221881D0C500F98B67 /* SSKeychainQuery.m */,
			);
			name = SSKeychain;
			path = SSKeychain/SSKeychain;
			sourceTree = "<group>";
		};
/* End PBXGroup section */

/* Begin PBXNativeTarget section */
		06993508185F5CA600B9A5F3 /* OctoCrash */ = {
			isa = PBXNativeTarget;
			buildConfigurationList = 0699352C185F5CA600B9A5F3 /* Build configuration list for PBXNativeTarget "OctoCrash" */;
			buildPhases = (
				06993505185F5CA600B9A5F3 /* Sources */,
				06993506185F5CA600B9A5F3 /* Frameworks */,
				06993507185F5CA600B9A5F3 /* CopyFiles */,
				06B1DC291889D754000004B8 /* Resources */,
			);
			buildRules = (
			);
			dependencies = (
				06B2982018849208004073CB /* PBXTargetDependency */,
			);
			name = OctoCrash;
			productName = OctoCrash;
			productReference = 06993509185F5CA600B9A5F3 /* libOctoCrash.a */;
			productType = "com.apple.product-type.library.static";
		};
		06993518185F5CA600B9A5F3 /* OctoCrashTests */ = {
			isa = PBXNativeTarget;
			buildConfigurationList = 0699352F185F5CA600B9A5F3 /* Build configuration list for PBXNativeTarget "OctoCrashTests" */;
			buildPhases = (
				888A1224EDFF4C279BA49DE2 /* Check Pods Manifest.lock */,
				06993515185F5CA600B9A5F3 /* Sources */,
				06993516185F5CA600B9A5F3 /* Frameworks */,
				06993517185F5CA600B9A5F3 /* Resources */,
				75EA206F2A3A4AD39F839809 /* Copy Pods Resources */,
			);
			buildRules = (
			);
			dependencies = (
				06993520185F5CA600B9A5F3 /* PBXTargetDependency */,
			);
			name = OctoCrashTests;
			productName = OctoCrashTests;
			productReference = 06993519185F5CA600B9A5F3 /* OctoCrashTests.xctest */;
			productType = "com.apple.product-type.bundle.unit-test";
		};
/* End PBXNativeTarget section */

/* Begin PBXProject section */
		06993501185F5CA600B9A5F3 /* Project object */ = {
			isa = PBXProject;
			attributes = {
				CLASSPREFIX = AEF;
				LastUpgradeCheck = 0510;
				ORGANIZATIONNAME = alexefish;
			};
			buildConfigurationList = 06993504185F5CA600B9A5F3 /* Build configuration list for PBXProject "OctoCrash" */;
			compatibilityVersion = "Xcode 3.2";
			developmentRegion = English;
			hasScannedForEncodings = 0;
			knownRegions = (
				en,
				sv,
			);
			mainGroup = 06993500185F5CA600B9A5F3;
			productRefGroup = 0699350A185F5CA600B9A5F3 /* Products */;
			projectDirPath = "";
			projectReferences = (
				{
					ProductGroup = 061CF58D1860DDEF00AA9CC4 /* Products */;
					ProjectRef = 061CF58C1860DDEF00AA9CC4 /* Mantle.xcodeproj */;
				},
				{
					ProductGroup = 061CF5651860DDC100AA9CC4 /* Products */;
					ProjectRef = 061CF5641860DDC100AA9CC4 /* OctoKit.xcodeproj */;
				},
				{
					ProductGroup = 061CF57E1860DDE500AA9CC4 /* Products */;
					ProjectRef = 061CF57D1860DDE500AA9CC4 /* OctoKitDependencies.xcodeproj */;
				},
				{
					ProductGroup = 061CF59F1860DDF600AA9CC4 /* Products */;
					ProjectRef = 061CF59E1860DDF600AA9CC4 /* ReactiveCocoa.xcodeproj */;
				},
			);
			projectRoot = "";
			targets = (
				06993508185F5CA600B9A5F3 /* OctoCrash */,
				06993518185F5CA600B9A5F3 /* OctoCrashTests */,
				063DA711185F76A800A52644 /* OctoCrashDocs */,
			);
		};
/* End PBXProject section */

/* Begin PBXReferenceProxy section */
		061CF5761860DDC200AA9CC4 /* OctoKit.framework */ = {
			isa = PBXReferenceProxy;
			fileType = wrapper.framework;
			path = OctoKit.framework;
			remoteRef = 061CF5751860DDC200AA9CC4 /* PBXContainerItemProxy */;
			sourceTree = BUILT_PRODUCTS_DIR;
		};
		061CF5781860DDC200AA9CC4 /* OctoKit Mac Tests.octest */ = {
			isa = PBXReferenceProxy;
			fileType = wrapper.cfbundle;
			path = "OctoKit Mac Tests.octest";
			remoteRef = 061CF5771860DDC200AA9CC4 /* PBXContainerItemProxy */;
			sourceTree = BUILT_PRODUCTS_DIR;
		};
		061CF57A1860DDC200AA9CC4 /* libOctoKit.a */ = {
			isa = PBXReferenceProxy;
			fileType = archive.ar;
			path = libOctoKit.a;
			remoteRef = 061CF5791860DDC200AA9CC4 /* PBXContainerItemProxy */;
			sourceTree = BUILT_PRODUCTS_DIR;
		};
		061CF57C1860DDC200AA9CC4 /* OctoKit iOS Tests.octest */ = {
			isa = PBXReferenceProxy;
			fileType = wrapper.cfbundle;
			path = "OctoKit iOS Tests.octest";
			remoteRef = 061CF57B1860DDC200AA9CC4 /* PBXContainerItemProxy */;
			sourceTree = BUILT_PRODUCTS_DIR;
		};
		061CF5851860DDE600AA9CC4 /* AFNetworking.framework */ = {
			isa = PBXReferenceProxy;
			fileType = wrapper.framework;
			path = AFNetworking.framework;
			remoteRef = 061CF5841860DDE600AA9CC4 /* PBXContainerItemProxy */;
			sourceTree = BUILT_PRODUCTS_DIR;
		};
		061CF5871860DDE600AA9CC4 /* libAFNetworking.a */ = {
			isa = PBXReferenceProxy;
			fileType = archive.ar;
			path = libAFNetworking.a;
			remoteRef = 061CF5861860DDE600AA9CC4 /* PBXContainerItemProxy */;
			sourceTree = BUILT_PRODUCTS_DIR;
		};
		061CF5891860DDE600AA9CC4 /* ISO8601DateFormatter.framework */ = {
			isa = PBXReferenceProxy;
			fileType = wrapper.framework;
			path = ISO8601DateFormatter.framework;
			remoteRef = 061CF5881860DDE600AA9CC4 /* PBXContainerItemProxy */;
			sourceTree = BUILT_PRODUCTS_DIR;
		};
		061CF58B1860DDE600AA9CC4 /* libISO8601DateFormatter.a */ = {
			isa = PBXReferenceProxy;
			fileType = archive.ar;
			path = libISO8601DateFormatter.a;
			remoteRef = 061CF58A1860DDE600AA9CC4 /* PBXContainerItemProxy */;
			sourceTree = BUILT_PRODUCTS_DIR;
		};
		061CF5951860DDF000AA9CC4 /* Mantle.framework */ = {
			isa = PBXReferenceProxy;
			fileType = wrapper.framework;
			path = Mantle.framework;
			remoteRef = 061CF5941860DDF000AA9CC4 /* PBXContainerItemProxy */;
			sourceTree = BUILT_PRODUCTS_DIR;
		};
		061CF5971860DDF000AA9CC4 /* Mantle Tests.octest */ = {
			isa = PBXReferenceProxy;
			fileType = wrapper.cfbundle;
			path = "Mantle Tests.octest";
			remoteRef = 061CF5961860DDF000AA9CC4 /* PBXContainerItemProxy */;
			sourceTree = BUILT_PRODUCTS_DIR;
		};
		061CF5991860DDF000AA9CC4 /* libMantle-iOS.a */ = {
			isa = PBXReferenceProxy;
			fileType = archive.ar;
			path = "libMantle-iOS.a";
			remoteRef = 061CF5981860DDF000AA9CC4 /* PBXContainerItemProxy */;
			sourceTree = BUILT_PRODUCTS_DIR;
		};
		061CF59B1860DDF000AA9CC4 /* Mantle-iOS Tests.octest */ = {
			isa = PBXReferenceProxy;
			fileType = wrapper.cfbundle;
			path = "Mantle-iOS Tests.octest";
			remoteRef = 061CF59A1860DDF000AA9CC4 /* PBXContainerItemProxy */;
			sourceTree = BUILT_PRODUCTS_DIR;
		};
		061CF59D1860DDF000AA9CC4 /* libMantle-Mac.a */ = {
			isa = PBXReferenceProxy;
			fileType = archive.ar;
			path = "libMantle-Mac.a";
			remoteRef = 061CF59C1860DDF000AA9CC4 /* PBXContainerItemProxy */;
			sourceTree = BUILT_PRODUCTS_DIR;
		};
		061CF5A91860DDF600AA9CC4 /* ReactiveCocoa.framework */ = {
			isa = PBXReferenceProxy;
			fileType = wrapper.framework;
			path = ReactiveCocoa.framework;
			remoteRef = 061CF5A81860DDF600AA9CC4 /* PBXContainerItemProxy */;
			sourceTree = BUILT_PRODUCTS_DIR;
		};
		061CF5AB1860DDF600AA9CC4 /* libReactiveCocoa-iOS.a */ = {
			isa = PBXReferenceProxy;
			fileType = archive.ar;
			path = "libReactiveCocoa-iOS.a";
			remoteRef = 061CF5AA1860DDF600AA9CC4 /* PBXContainerItemProxy */;
			sourceTree = BUILT_PRODUCTS_DIR;
		};
		061CF5AD1860DDF600AA9CC4 /* ReactiveCocoaTests.octest */ = {
			isa = PBXReferenceProxy;
			fileType = wrapper.cfbundle;
			path = ReactiveCocoaTests.octest;
			remoteRef = 061CF5AC1860DDF600AA9CC4 /* PBXContainerItemProxy */;
			sourceTree = BUILT_PRODUCTS_DIR;
		};
		061CF5AF1860DDF600AA9CC4 /* ReactiveCocoaTests-iOS.octest */ = {
			isa = PBXReferenceProxy;
			fileType = wrapper.cfbundle;
			path = "ReactiveCocoaTests-iOS.octest";
			remoteRef = 061CF5AE1860DDF600AA9CC4 /* PBXContainerItemProxy */;
			sourceTree = BUILT_PRODUCTS_DIR;
		};
		061CF5B11860DDF600AA9CC4 /* ReactiveCocoa-iOS-UIKitTestHost.app */ = {
			isa = PBXReferenceProxy;
			fileType = wrapper.application;
			path = "ReactiveCocoa-iOS-UIKitTestHost.app";
			remoteRef = 061CF5B01860DDF600AA9CC4 /* PBXContainerItemProxy */;
			sourceTree = BUILT_PRODUCTS_DIR;
		};
		061CF5B31860DDF600AA9CC4 /* ReactiveCocoa-iOS-UIKitTestHostTests.octest */ = {
			isa = PBXReferenceProxy;
			fileType = wrapper.cfbundle;
			path = "ReactiveCocoa-iOS-UIKitTestHostTests.octest";
			remoteRef = 061CF5B21860DDF600AA9CC4 /* PBXContainerItemProxy */;
			sourceTree = BUILT_PRODUCTS_DIR;
		};
		061CF5B51860DDF600AA9CC4 /* libReactiveCocoa-Mac.a */ = {
			isa = PBXReferenceProxy;
			fileType = archive.ar;
			path = "libReactiveCocoa-Mac.a";
			remoteRef = 061CF5B41860DDF600AA9CC4 /* PBXContainerItemProxy */;
			sourceTree = BUILT_PRODUCTS_DIR;
		};
/* End PBXReferenceProxy section */

/* Begin PBXResourcesBuildPhase section */
		06993517185F5CA600B9A5F3 /* Resources */ = {
			isa = PBXResourcesBuildPhase;
			buildActionMask = 2147483647;
			files = (
				06993527185F5CA600B9A5F3 /* InfoPlist.strings in Resources */,
			);
			runOnlyForDeploymentPostprocessing = 0;
		};
		06B1DC291889D754000004B8 /* Resources */ = {
			isa = PBXResourcesBuildPhase;
			buildActionMask = 2147483647;
			files = (
				06B1DC3D1889D75A000004B8 /* AEFLocalizable.strings in Resources */,
			);
			runOnlyForDeploymentPostprocessing = 0;
		};
/* End PBXResourcesBuildPhase section */

/* Begin PBXShellScriptBuildPhase section */
		063DA715185F76B300A52644 /* ShellScript */ = {
			isa = PBXShellScriptBuildPhase;
			buildActionMask = 2147483647;
			files = (
			);
			inputPaths = (
			);
			outputPaths = (
			);
			runOnlyForDeploymentPostprocessing = 0;
			shellPath = /bin/sh;
			shellScript = "APPLEDOC=/usr/local/bin/appledoc\n\nif [ ! -f \"$APPLEDOC\" ]; then\n# If appledoc is enforced, use these lines\necho \"error: appledoc must be installed! Please follow instructions at http://gentlebytes.com/appledoc-docs\"\nexit 1\nfi\n\nTEMP_OUTPUT=/tmp/appledoc_output_`date +%Y-m-d`.txt\n$APPLEDOC . 2> $TEMP_OUTPUT\nEXIT_CODE=0\ncat $TEMP_OUTPUT | sed 's/WARN |/warning:/g' | sed 's/ERROR:/error:/g'\nrm -f $TEMP_OUTPUT\nexit $EXIT_CODE";
		};
		75EA206F2A3A4AD39F839809 /* Copy Pods Resources */ = {
			isa = PBXShellScriptBuildPhase;
			buildActionMask = 2147483647;
			files = (
			);
			inputPaths = (
			);
			name = "Copy Pods Resources";
			outputPaths = (
			);
			runOnlyForDeploymentPostprocessing = 0;
			shellPath = /bin/sh;
			shellScript = "\"${SRCROOT}/../Pods/Pods-OctoCrashTests-resources.sh\"\n";
			showEnvVarsInLog = 0;
		};
		888A1224EDFF4C279BA49DE2 /* Check Pods Manifest.lock */ = {
			isa = PBXShellScriptBuildPhase;
			buildActionMask = 2147483647;
			files = (
			);
			inputPaths = (
			);
			name = "Check Pods Manifest.lock";
			outputPaths = (
			);
			runOnlyForDeploymentPostprocessing = 0;
			shellPath = /bin/sh;
			shellScript = "diff \"${PODS_ROOT}/../Podfile.lock\" \"${PODS_ROOT}/Manifest.lock\" > /dev/null\nif [[ $? != 0 ]] ; then\n    cat << EOM\nerror: The sandbox is not in sync with the Podfile.lock. Run 'pod install' or update your CocoaPods installation.\nEOM\n    exit 1\nfi\n";
			showEnvVarsInLog = 0;
		};
/* End PBXShellScriptBuildPhase section */

/* Begin PBXSourcesBuildPhase section */
		06993505185F5CA600B9A5F3 /* Sources */ = {
			isa = PBXSourcesBuildPhase;
			buildActionMask = 2147483647;
			files = (
				06B1DCFD188AC402000004B8 /* AEFClient+Login.m in Sources */,
				063248D11860E4D900CB60BE /* AEFClient.m in Sources */,
				063248D41860E73100CB60BE /* AEFCrashCollector.m in Sources */,
				063DA71D185FB3DB00A52644 /* AEFCrashReporter.m in Sources */,
				060CF4E5187F53E400FF2793 /* AEFUser.m in Sources */,
				06B734071881D05D00F98B67 /* AEFUserCache.m in Sources */,
				069DA83418D3B01C00393EEB /* EXTScope.m in Sources */,
				06B1DCEA188ABFD8000004B8 /* NSArray+Issues.m in Sources */,
				06B1DD21188AC5B4000004B8 /* NSError+AEFErrors.m in Sources */,
				CF86D739188573D9009CB8DD /* PLCrashReport+Issues.m in Sources */,
				06B734231881D0C500F98B67 /* SSKeychain.m in Sources */,
				06B734241881D0C500F98B67 /* SSKeychainQuery.m in Sources */,
			);
			runOnlyForDeploymentPostprocessing = 0;
		};
		06993515185F5CA600B9A5F3 /* Sources */ = {
			isa = PBXSourcesBuildPhase;
			buildActionMask = 2147483647;
			files = (
				063249391861E41600CB60BE /* AEFClientSpec.m in Sources */,
				063248DC1860FC0000CB60BE /* AEFCrashCollectorSpec.m in Sources */,
				061CEDEA185FB81200AA9CC4 /* AEFCrashReporterSpec.m in Sources */,
				06B734261881D11D00F98B67 /* AEFUserCacheSpec.m in Sources */,
				060CF4E7187F53F000FF2793 /* AEFUserSpec.m in Sources */,
				06B1DCEC188AC098000004B8 /* NSArray_IssuesSpec.m in Sources */,
				06B1DD36188AC93E000004B8 /* NSError_AEFErrorsSpec.m in Sources */,
				06DFD4621885EB6600873491 /* PLCrashReport_IssueSpec.m in Sources */,
			);
			runOnlyForDeploymentPostprocessing = 0;
		};
/* End PBXSourcesBuildPhase section */

/* Begin PBXTargetDependency section */
		063DA719185F77FB00A52644 /* PBXTargetDependency */ = {
			isa = PBXTargetDependency;
			target = 06993508185F5CA600B9A5F3 /* OctoCrash */;
			targetProxy = 063DA718185F77FB00A52644 /* PBXContainerItemProxy */;
		};
		06993520185F5CA600B9A5F3 /* PBXTargetDependency */ = {
			isa = PBXTargetDependency;
			target = 06993508185F5CA600B9A5F3 /* OctoCrash */;
			targetProxy = 0699351F185F5CA600B9A5F3 /* PBXContainerItemProxy */;
		};
		06B2982018849208004073CB /* PBXTargetDependency */ = {
			isa = PBXTargetDependency;
			name = "ReactiveCocoa-iOS";
			targetProxy = 06B2981F18849208004073CB /* PBXContainerItemProxy */;
		};
/* End PBXTargetDependency section */

/* Begin PBXVariantGroup section */
		06993525185F5CA600B9A5F3 /* InfoPlist.strings */ = {
			isa = PBXVariantGroup;
			children = (
				06993526185F5CA600B9A5F3 /* en */,
			);
			name = InfoPlist.strings;
			sourceTree = "<group>";
		};
		06B1DC171889D263000004B8 /* AEFLocalizable.strings */ = {
			isa = PBXVariantGroup;
			children = (
				06B1DC161889D263000004B8 /* en */,
			);
			name = AEFLocalizable.strings;
			sourceTree = "<group>";
		};
		06B7341D1881D0C500F98B67 /* SSKeychain.strings */ = {
			isa = PBXVariantGroup;
			children = (
				06B7341E1881D0C500F98B67 /* en */,
			);
			name = SSKeychain.strings;
			sourceTree = "<group>";
		};
/* End PBXVariantGroup section */

/* Begin XCBuildConfiguration section */
		063DA713185F76A800A52644 /* Debug */ = {
			isa = XCBuildConfiguration;
			buildSettings = {
				PRODUCT_NAME = "$(TARGET_NAME)";
			};
			name = Debug;
		};
		063DA714185F76A800A52644 /* Release */ = {
			isa = XCBuildConfiguration;
			buildSettings = {
				PRODUCT_NAME = "$(TARGET_NAME)";
			};
			name = Release;
		};
		0699352A185F5CA600B9A5F3 /* Debug */ = {
			isa = XCBuildConfiguration;
			buildSettings = {
				ALWAYS_SEARCH_USER_PATHS = NO;
				CLANG_CXX_LANGUAGE_STANDARD = "gnu++0x";
				CLANG_CXX_LIBRARY = "libc++";
				CLANG_ENABLE_MODULES = YES;
				CLANG_ENABLE_OBJC_ARC = YES;
				CLANG_WARN_BOOL_CONVERSION = YES;
				CLANG_WARN_CONSTANT_CONVERSION = YES;
				CLANG_WARN_DIRECT_OBJC_ISA_USAGE = YES_ERROR;
				CLANG_WARN_EMPTY_BODY = YES;
				CLANG_WARN_ENUM_CONVERSION = YES;
				CLANG_WARN_INT_CONVERSION = YES;
				CLANG_WARN_OBJC_ROOT_CLASS = YES_ERROR;
				CLANG_WARN__DUPLICATE_METHOD_MATCH = YES;
				COPY_PHASE_STRIP = NO;
				GCC_C_LANGUAGE_STANDARD = gnu99;
				GCC_DYNAMIC_NO_PIC = NO;
				GCC_OPTIMIZATION_LEVEL = 0;
				GCC_PREPROCESSOR_DEFINITIONS = (
					"DEBUG=1",
					"$(inherited)",
				);
				GCC_SYMBOLS_PRIVATE_EXTERN = NO;
				GCC_WARN_64_TO_32_BIT_CONVERSION = YES;
				GCC_WARN_ABOUT_RETURN_TYPE = YES_ERROR;
				GCC_WARN_UNDECLARED_SELECTOR = YES;
				GCC_WARN_UNINITIALIZED_AUTOS = YES;
				GCC_WARN_UNUSED_FUNCTION = YES;
				GCC_WARN_UNUSED_VARIABLE = YES;
				IPHONEOS_DEPLOYMENT_TARGET = 7.0;
				ONLY_ACTIVE_ARCH = YES;
				SDKROOT = iphoneos;
			};
			name = Debug;
		};
		0699352B185F5CA600B9A5F3 /* Release */ = {
			isa = XCBuildConfiguration;
			buildSettings = {
				ALWAYS_SEARCH_USER_PATHS = NO;
				CLANG_CXX_LANGUAGE_STANDARD = "gnu++0x";
				CLANG_CXX_LIBRARY = "libc++";
				CLANG_ENABLE_MODULES = YES;
				CLANG_ENABLE_OBJC_ARC = YES;
				CLANG_WARN_BOOL_CONVERSION = YES;
				CLANG_WARN_CONSTANT_CONVERSION = YES;
				CLANG_WARN_DIRECT_OBJC_ISA_USAGE = YES_ERROR;
				CLANG_WARN_EMPTY_BODY = YES;
				CLANG_WARN_ENUM_CONVERSION = YES;
				CLANG_WARN_INT_CONVERSION = YES;
				CLANG_WARN_OBJC_ROOT_CLASS = YES_ERROR;
				CLANG_WARN__DUPLICATE_METHOD_MATCH = YES;
				COPY_PHASE_STRIP = YES;
				ENABLE_NS_ASSERTIONS = NO;
				GCC_C_LANGUAGE_STANDARD = gnu99;
				GCC_WARN_64_TO_32_BIT_CONVERSION = YES;
				GCC_WARN_ABOUT_RETURN_TYPE = YES_ERROR;
				GCC_WARN_UNDECLARED_SELECTOR = YES;
				GCC_WARN_UNINITIALIZED_AUTOS = YES;
				GCC_WARN_UNUSED_FUNCTION = YES;
				GCC_WARN_UNUSED_VARIABLE = YES;
				IPHONEOS_DEPLOYMENT_TARGET = 7.0;
				SDKROOT = iphoneos;
				VALIDATE_PRODUCT = YES;
			};
			name = Release;
		};
		0699352D185F5CA600B9A5F3 /* Debug */ = {
			isa = XCBuildConfiguration;
			buildSettings = {
				DSTROOT = /tmp/OctoCrash.dst;
				FRAMEWORK_SEARCH_PATHS = (
					"$(inherited)",
					"$(SRCROOT)/../../Vendor",
				);
				GCC_PRECOMPILE_PREFIX_HEADER = YES;
				GCC_PREFIX_HEADER = "OctoCrash/OctoCrash-Prefix.pch";
				LIBRARY_SEARCH_PATHS = (
					"$(inherited)",
					/Users/alexfish/src/octocrash/Project/OctoCrash/OctoCrash/External/OctoKit/External/Mantle/MantleTests/specta/test/vendor/expecta,
					/Users/alexfish/src/octocrash/Project/OctoCrash/OctoCrash/External/OctoKit/External/ReactiveCocoa/external/specta/test/vendor/expecta,
					"$(USER_LIBRARY_DIR)/Developer/Xcode/DerivedData/Build/Products/Debug-iphoneos",
				);
				OTHER_LDFLAGS = "-ObjC";
				PRODUCT_NAME = "$(TARGET_NAME)";
				SKIP_INSTALL = YES;
			};
			name = Debug;
		};
		0699352E185F5CA600B9A5F3 /* Release */ = {
			isa = XCBuildConfiguration;
			buildSettings = {
				DSTROOT = /tmp/OctoCrash.dst;
				FRAMEWORK_SEARCH_PATHS = (
					"$(inherited)",
					"$(SRCROOT)/../../Vendor",
				);
				GCC_PRECOMPILE_PREFIX_HEADER = YES;
				GCC_PREFIX_HEADER = "OctoCrash/OctoCrash-Prefix.pch";
				LIBRARY_SEARCH_PATHS = (
					"$(inherited)",
					/Users/alexfish/src/octocrash/Project/OctoCrash/OctoCrash/External/OctoKit/External/Mantle/MantleTests/specta/test/vendor/expecta,
					/Users/alexfish/src/octocrash/Project/OctoCrash/OctoCrash/External/OctoKit/External/ReactiveCocoa/external/specta/test/vendor/expecta,
					"$(USER_LIBRARY_DIR)/Developer/Xcode/DerivedData/Build/Products/Debug-iphoneos",
				);
				OTHER_LDFLAGS = "-ObjC";
				PRODUCT_NAME = "$(TARGET_NAME)";
				SKIP_INSTALL = YES;
			};
			name = Release;
		};
		06993530185F5CA600B9A5F3 /* Debug */ = {
			isa = XCBuildConfiguration;
			baseConfigurationReference = 604D0A4BECB44755A924A7EB /* Pods-OctoCrashTests.xcconfig */;
			buildSettings = {
				FRAMEWORK_SEARCH_PATHS = (
					"$(SDKROOT)/Developer/Library/Frameworks",
					"$(inherited)",
					"$(SRCROOT)/../../Vendor",
					"$(DEVELOPER_FRAMEWORKS_DIR)",
				);
				GCC_PRECOMPILE_PREFIX_HEADER = YES;
				GCC_PREFIX_HEADER = "OctoCrash/OctoCrash-Prefix.pch";
				GCC_PREPROCESSOR_DEFINITIONS = (
					"DEBUG=1",
					"$(inherited)",
				);
				INFOPLIST_FILE = "OctoCrashTests/OctoCrashTests-Info.plist";
				PRODUCT_NAME = "$(TARGET_NAME)";
				WRAPPER_EXTENSION = xctest;
			};
			name = Debug;
		};
		06993531185F5CA600B9A5F3 /* Release */ = {
			isa = XCBuildConfiguration;
			baseConfigurationReference = 604D0A4BECB44755A924A7EB /* Pods-OctoCrashTests.xcconfig */;
			buildSettings = {
				FRAMEWORK_SEARCH_PATHS = (
					"$(SDKROOT)/Developer/Library/Frameworks",
					"$(inherited)",
					"$(SRCROOT)/../../Vendor",
					"$(DEVELOPER_FRAMEWORKS_DIR)",
				);
				GCC_PRECOMPILE_PREFIX_HEADER = YES;
				GCC_PREFIX_HEADER = "OctoCrash/OctoCrash-Prefix.pch";
				INFOPLIST_FILE = "OctoCrashTests/OctoCrashTests-Info.plist";
				PRODUCT_NAME = "$(TARGET_NAME)";
				WRAPPER_EXTENSION = xctest;
			};
			name = Release;
		};
/* End XCBuildConfiguration section */

/* Begin XCConfigurationList section */
		063DA712185F76A800A52644 /* Build configuration list for PBXAggregateTarget "OctoCrashDocs" */ = {
			isa = XCConfigurationList;
			buildConfigurations = (
				063DA713185F76A800A52644 /* Debug */,
				063DA714185F76A800A52644 /* Release */,
			);
			defaultConfigurationIsVisible = 0;
			defaultConfigurationName = Release;
		};
		06993504185F5CA600B9A5F3 /* Build configuration list for PBXProject "OctoCrash" */ = {
			isa = XCConfigurationList;
			buildConfigurations = (
				0699352A185F5CA600B9A5F3 /* Debug */,
				0699352B185F5CA600B9A5F3 /* Release */,
			);
			defaultConfigurationIsVisible = 0;
			defaultConfigurationName = Release;
		};
		0699352C185F5CA600B9A5F3 /* Build configuration list for PBXNativeTarget "OctoCrash" */ = {
			isa = XCConfigurationList;
			buildConfigurations = (
				0699352D185F5CA600B9A5F3 /* Debug */,
				0699352E185F5CA600B9A5F3 /* Release */,
			);
			defaultConfigurationIsVisible = 0;
			defaultConfigurationName = Release;
		};
		0699352F185F5CA600B9A5F3 /* Build configuration list for PBXNativeTarget "OctoCrashTests" */ = {
			isa = XCConfigurationList;
			buildConfigurations = (
				06993530185F5CA600B9A5F3 /* Debug */,
				06993531185F5CA600B9A5F3 /* Release */,
			);
			defaultConfigurationIsVisible = 0;
			defaultConfigurationName = Release;
		};
/* End XCConfigurationList section */
	};
	rootObject = 06993501185F5CA600B9A5F3 /* Project object */;
}
